Microsoft Visual Studio Solution File, Format Version 12.00
# Visual Studio Version 17
VisualStudioVersion = 17.6.33829.357
MinimumVisualStudioVersion = 10.0.40219.1
Project("{9A19103F-16F7-4668-BE54-9A1E7A4F7556}") = "F1Game.UDP", "F1Game.UDP\F1Game.UDP.csproj", "{8A5C1AD7-D228-41A2-B700-A4D0C4F82E69}"
EndProject
Project("{2150E333-8FDC-42A3-9474-1A3956D46DE8}") = "Solution Items", "Solution Items", "{04CF9191-965E-4037-97AD-27C099F52DF7}"
	ProjectSection(SolutionItems) = preProject
		.editorconfig = .editorconfig
		finecodecoverage-settings.xml = finecodecoverage-settings.xml
	EndProjectSection
EndProject
Project("{9A19103F-16F7-4668-BE54-9A1E7A4F7556}") = "F1Game.UDP.Tests", "F1Game.UDP.Tests\F1Game.UDP.Tests.csproj", "{9A200C1C-5B68-4D37-B8C3-C4738A465693}"
EndProject
Project("{9A19103F-16F7-4668-BE54-9A1E7A4F7556}") = "F1Game.UDP.Benchmarks", "F1Game.UDP.Benchamrks\F1Game.UDP.Benchmarks.csproj", "{480429B0-6373-4151-AD33-6CCD4D55CC6F}"
EndProject
Global
	GlobalSection(SolutionConfigurationPlatforms) = preSolution
		Debug|Any CPU = Debug|Any CPU
		Release|Any CPU = Release|Any CPU
	EndGlobalSection
	GlobalSection(ProjectConfigurationPlatforms) = postSolution
		{8A5C1AD7-D228-41A2-B700-A4D0C4F82E69}.Debug|Any CPU.ActiveCfg = Debug|Any CPU
		{8A5C1AD7-D228-41A2-B700-A4D0C4F82E69}.Debug|Any CPU.Build.0 = Debug|Any CPU
		{8A5C1AD7-D228-41A2-B700-A4D0C4F82E69}.Release|Any CPU.ActiveCfg = Release|Any CPU
		{8A5C1AD7-D228-41A2-B700-A4D0C4F82E69}.Release|Any CPU.Build.0 = Release|Any CPU
		{9A200C1C-5B68-4D37-B8C3-C4738A465693}.Debug|Any CPU.ActiveCfg = Debug|Any CPU
		{9A200C1C-5B68-4D37-B8C3-C4738A465693}.Debug|Any CPU.Build.0 = Debug|Any CPU
		{9A200C1C-5B68-4D37-B8C3-C4738A465693}.Release|Any CPU.ActiveCfg = Release|Any CPU
		{9A200C1C-5B68-4D37-B8C3-C4738A465693}.Release|Any CPU.Build.0 = Release|Any CPU
		{480429B0-6373-4151-AD33-6CCD4D55CC6F}.Debug|Any CPU.ActiveCfg = Debug|Any CPU
		{480429B0-6373-4151-AD33-6CCD4D55CC6F}.Debug|Any CPU.Build.0 = Debug|Any CPU
		{480429B0-6373-4151-AD33-6CCD4D55CC6F}.Release|Any CPU.ActiveCfg = Release|Any CPU
		{480429B0-6373-4151-AD33-6CCD4D55CC6F}.Release|Any CPU.Build.0 = Release|Any CPU
	EndGlobalSection
	GlobalSection(SolutionProperties) = preSolution
		HideSolutionNode = FALSE
	EndGlobalSection
	GlobalSection(ExtensibilityGlobals) = postSolution
		SolutionGuid = {89B0928A-9A0A-48A6-8AA5-D1D206743512}
	EndGlobalSection
EndGlobal
